
Microsoft Visual Studio Solution File, Format Version 12.00
# Visual Studio Version 17
VisualStudioVersion = 17.12.35707.178
MinimumVisualStudioVersion = 10.0.40219.1
Project("{FAE04EC0-301F-11D3-BF4B-00C04F79EFBC}") = "EntraIDAuth.WebAPI", "EntraIDAuth.WebAPI\EntraIDAuth.WebAPI.csproj", "{888FE07F-641C-4D77-BF47-E1D587559CD9}"
EndProject
Project("{FAE04EC0-301F-11D3-BF4B-00C04F79EFBC}") = "EntraIDAuth.WebAssembly", "EntraIDAuth.WebAssembly\EntraIDAuth.WebAssembly.csproj", "{FDF188EC-E77A-4D5B-9477-1D69F2F5CA38}"
EndProject
Project("{FAE04EC0-301F-11D3-BF4B-00C04F79EFBC}") = "EntraIDAuth.WebAPI.ObjectModel", "EntraIDAuth.WebAPI.ObjectModel\EntraIDAuth.WebAPI.ObjectModel.csproj", "{A0FE9EE8-1AD1-4580-AF84-269CC34F198F}"
EndProject
Project("{FAE04EC0-301F-11D3-BF4B-00C04F79EFBC}") = "EntraIDAuth.WebApp", "EntraIDAuth.WebApp\EntraIDAuth.WebApp.csproj", "{DD3558FD-84F7-4324-9D9C-216B2A5BE803}"
EndProject
Global
	GlobalSection(SolutionConfigurationPlatforms) = preSolution
		Debug|Any CPU = Debug|Any CPU
		Release|Any CPU = Release|Any CPU
	EndGlobalSection
	GlobalSection(ProjectConfigurationPlatforms) = postSolution
		{888FE07F-641C-4D77-BF47-E1D587559CD9}.Debug|Any CPU.ActiveCfg = Debug|Any CPU
		{888FE07F-641C-4D77-BF47-E1D587559CD9}.Debug|Any CPU.Build.0 = Debug|Any CPU
		{888FE07F-641C-4D77-BF47-E1D587559CD9}.Release|Any CPU.ActiveCfg = Release|Any CPU
		{888FE07F-641C-4D77-BF47-E1D587559CD9}.Release|Any CPU.Build.0 = Release|Any CPU
		{FDF188EC-E77A-4D5B-9477-1D69F2F5CA38}.Debug|Any CPU.ActiveCfg = Debug|Any CPU
		{FDF188EC-E77A-4D5B-9477-1D69F2F5CA38}.Debug|Any CPU.Build.0 = Debug|Any CPU
		{FDF188EC-E77A-4D5B-9477-1D69F2F5CA38}.Release|Any CPU.ActiveCfg = Release|Any CPU
		{FDF188EC-E77A-4D5B-9477-1D69F2F5CA38}.Release|Any CPU.Build.0 = Release|Any CPU
		{A0FE9EE8-1AD1-4580-AF84-269CC34F198F}.Debug|Any CPU.ActiveCfg = Debug|Any CPU
		{A0FE9EE8-1AD1-4580-AF84-269CC34F198F}.Debug|Any CPU.Build.0 = Debug|Any CPU
		{A0FE9EE8-1AD1-4580-AF84-269CC34F198F}.Release|Any CPU.ActiveCfg = Release|Any CPU
		{A0FE9EE8-1AD1-4580-AF84-269CC34F198F}.Release|Any CPU.Build.0 = Release|Any CPU
		{DD3558FD-84F7-4324-9D9C-216B2A5BE803}.Debug|Any CPU.ActiveCfg = Debug|Any CPU
		{DD3558FD-84F7-4324-9D9C-216B2A5BE803}.Debug|Any CPU.Build.0 = Debug|Any CPU
		{DD3558FD-84F7-4324-9D9C-216B2A5BE803}.Release|Any CPU.ActiveCfg = Release|Any CPU
		{DD3558FD-84F7-4324-9D9C-216B2A5BE803}.Release|Any CPU.Build.0 = Release|Any CPU
	EndGlobalSection
	GlobalSection(SolutionProperties) = preSolution
		HideSolutionNode = FALSE
	EndGlobalSection
EndGlobal
