
Microsoft Visual Studio Solution File, Format Version 12.00
# Visual Studio Version 17
VisualStudioVersion = 17.12.35707.178
MinimumVisualStudioVersion = 10.0.40219.1
Project("{FAE04EC0-301F-11D3-BF4B-00C04F79EFBC}") = "Keepass.DBLib", "Keepass.DBLib\Keepass.DBLib.csproj", "{A158D7DF-5688-EDA7-3008-72ECEDA6CBD8}"
EndProject
Project("{FAE04EC0-301F-11D3-BF4B-00C04F79EFBC}") = "Keepass.WebAPI.ObjectModel", "Keepass.WebAPI.ObjectModel\Keepass.WebAPI.ObjectModel.csproj", "{BD72CB53-FC46-FD25-5C49-D42A2A6B51EA}"
EndProject
Project("{FAE04EC0-301F-11D3-BF4B-00C04F79EFBC}") = "Keepass.WebAPI", "Keepass.WebAPI\Keepass.WebAPI.csproj", "{7D07C4B7-3E01-5B36-AE8E-6398209AF3F8}"
EndProject
Project("{FAE04EC0-301F-11D3-BF4B-00C04F79EFBC}") = "Keepass.WebApp", "Keepass.WebApp\Keepass.WebApp.csproj", "{CBBC5E25-3BC7-3C28-191F-0B771078F8E4}"
EndProject
Project("{FAE04EC0-301F-11D3-BF4B-00C04F79EFBC}") = "Keepass.WebAssembly", "Keepass.WebAssembly\Keepass.WebAssembly.csproj", "{08BE97DD-B732-C096-3CC0-B521DD7BF1FE}"
EndProject
Global
	GlobalSection(SolutionConfigurationPlatforms) = preSolution
		Debug|Any CPU = Debug|Any CPU
		Release|Any CPU = Release|Any CPU
	EndGlobalSection
	GlobalSection(ProjectConfigurationPlatforms) = postSolution
		{A158D7DF-5688-EDA7-3008-72ECEDA6CBD8}.Debug|Any CPU.ActiveCfg = Debug|Any CPU
		{A158D7DF-5688-EDA7-3008-72ECEDA6CBD8}.Debug|Any CPU.Build.0 = Debug|Any CPU
		{A158D7DF-5688-EDA7-3008-72ECEDA6CBD8}.Release|Any CPU.ActiveCfg = Release|Any CPU
		{A158D7DF-5688-EDA7-3008-72ECEDA6CBD8}.Release|Any CPU.Build.0 = Release|Any CPU
		{BD72CB53-FC46-FD25-5C49-D42A2A6B51EA}.Debug|Any CPU.ActiveCfg = Debug|Any CPU
		{BD72CB53-FC46-FD25-5C49-D42A2A6B51EA}.Debug|Any CPU.Build.0 = Debug|Any CPU
		{BD72CB53-FC46-FD25-5C49-D42A2A6B51EA}.Release|Any CPU.ActiveCfg = Release|Any CPU
		{BD72CB53-FC46-FD25-5C49-D42A2A6B51EA}.Release|Any CPU.Build.0 = Release|Any CPU
		{7D07C4B7-3E01-5B36-AE8E-6398209AF3F8}.Debug|Any CPU.ActiveCfg = Debug|Any CPU
		{7D07C4B7-3E01-5B36-AE8E-6398209AF3F8}.Debug|Any CPU.Build.0 = Debug|Any CPU
		{7D07C4B7-3E01-5B36-AE8E-6398209AF3F8}.Release|Any CPU.ActiveCfg = Release|Any CPU
		{7D07C4B7-3E01-5B36-AE8E-6398209AF3F8}.Release|Any CPU.Build.0 = Release|Any CPU
		{CBBC5E25-3BC7-3C28-191F-0B771078F8E4}.Debug|Any CPU.ActiveCfg = Debug|Any CPU
		{CBBC5E25-3BC7-3C28-191F-0B771078F8E4}.Debug|Any CPU.Build.0 = Debug|Any CPU
		{CBBC5E25-3BC7-3C28-191F-0B771078F8E4}.Release|Any CPU.ActiveCfg = Release|Any CPU
		{CBBC5E25-3BC7-3C28-191F-0B771078F8E4}.Release|Any CPU.Build.0 = Release|Any CPU
		{08BE97DD-B732-C096-3CC0-B521DD7BF1FE}.Debug|Any CPU.ActiveCfg = Debug|Any CPU
		{08BE97DD-B732-C096-3CC0-B521DD7BF1FE}.Debug|Any CPU.Build.0 = Debug|Any CPU
		{08BE97DD-B732-C096-3CC0-B521DD7BF1FE}.Release|Any CPU.ActiveCfg = Release|Any CPU
		{08BE97DD-B732-C096-3CC0-B521DD7BF1FE}.Release|Any CPU.Build.0 = Release|Any CPU
	EndGlobalSection
	GlobalSection(SolutionProperties) = preSolution
		HideSolutionNode = FALSE
	EndGlobalSection
	GlobalSection(ExtensibilityGlobals) = postSolution
		SolutionGuid = {34596A0C-C666-483E-AE18-1C49FD71B886}
	EndGlobalSection
EndGlobal
